
Microsoft Visual Studio Solution File, Format Version 12.00
# Visual Studio Version 16
VisualStudioVersion = 16.0.34729.46
MinimumVisualStudioVersion = 10.0.40219.1
Project("{FAE04EC0-301F-11D3-BF4B-00C04F79EFBC}") = "WebApplication1", "WebApplication1\WebApplication1.csproj", "{DDED978E-0E85-426F-B0E9-BD019DD83911}"
EndProject
Global
	GlobalSection(SolutionConfigurationPlatforms) = preSolution
		Debug|Any CPU = Debug|Any CPU
		Release|Any CPU = Release|Any CPU
	EndGlobalSection
	GlobalSection(ProjectConfigurationPlatforms) = postSolution
		{DDED978E-0E85-426F-B0E9-BD019DD83911}.Debug|Any CPU.ActiveCfg = Debug|Any CPU
		{DDED978E-0E85-426F-B0E9-BD019DD83911}.Debug|Any CPU.Build.0 = Debug|Any CPU
		{DDED978E-0E85-426F-B0E9-BD019DD83911}.Release|Any CPU.ActiveCfg = Release|Any CPU
		{DDED978E-0E85-426F-B0E9-BD019DD83911}.Release|Any CPU.Build.0 = Release|Any CPU
	EndGlobalSection
	GlobalSection(SolutionProperties) = preSolution
		HideSolutionNode = FALSE
	EndGlobalSection
	GlobalSection(ExtensibilityGlobals) = postSolution
		SolutionGuid = {2FAC42B2-7CDF-4945-8756-68A205651D66}
	EndGlobalSection
EndGlobal
